// !$*UTF8*$!
{
	archiveVersion = 1;
	classes = {
	};
	objectVersion = 50;
	objects = {

/* Begin PBXBuildFile section */
		4CBFB9BF22B25A5C000ED4D5 /* AppDelegate.swift in Sources */ = {isa = PBXBuildFile; fileRef = 4CBFB9BE22B25A5C000ED4D5 /* AppDelegate.swift */; };
		4CBFB9C122B25A5C000ED4D5 /* CalendarViewController.swift in Sources */ = {isa = PBXBuildFile; fileRef = 4CBFB9C022B25A5C000ED4D5 /* CalendarViewController.swift */; };
		4CBFB9C422B25A5C000ED4D5 /* Main.storyboard in Resources */ = {isa = PBXBuildFile; fileRef = 4CBFB9C222B25A5C000ED4D5 /* Main.storyboard */; };
		4CBFB9C722B25A5C000ED4D5 /* Calendar.xcdatamodeld in Sources */ = {isa = PBXBuildFile; fileRef = 4CBFB9C522B25A5C000ED4D5 /* Calendar.xcdatamodeld */; };
		4CBFB9C922B25A5D000ED4D5 /* Assets.xcassets in Resources */ = {isa = PBXBuildFile; fileRef = 4CBFB9C822B25A5D000ED4D5 /* Assets.xcassets */; };
		4CBFB9CC22B25A5D000ED4D5 /* LaunchScreen.storyboard in Resources */ = {isa = PBXBuildFile; fileRef = 4CBFB9CA22B25A5D000ED4D5 /* LaunchScreen.storyboard */; };
		4CBFB9D522B25EB7000ED4D5 /* Helper.swift in Sources */ = {isa = PBXBuildFile; fileRef = 4CBFB9D422B25EB7000ED4D5 /* Helper.swift */; };
		4CBFB9D722B2754C000ED4D5 /* CalendarEnums.swift in Sources */ = {isa = PBXBuildFile; fileRef = 4CBFB9D622B2754C000ED4D5 /* CalendarEnums.swift */; };
		4CBFB9D922B275B0000ED4D5 /* CalendarStruct.swift in Sources */ = {isa = PBXBuildFile; fileRef = 4CBFB9D822B275B0000ED4D5 /* CalendarStruct.swift */; };
		4CBFB9DD22B3841F000ED4D5 /* WeekdaysView.swift in Sources */ = {isa = PBXBuildFile; fileRef = 4CBFB9DC22B3841F000ED4D5 /* WeekdaysView.swift */; };
		4CBFB9DF22B3A5B2000ED4D5 /* CalendarView.swift in Sources */ = {isa = PBXBuildFile; fileRef = 4CBFB9DE22B3A5B2000ED4D5 /* CalendarView.swift */; };
		4CBFB9E122B62A42000ED4D5 /* DateCVCell.swift in Sources */ = {isa = PBXBuildFile; fileRef = 4CBFB9E022B62A42000ED4D5 /* DateCVCell.swift */; };
		4CE6628422B7D969004B9BBC /* MonthView.swift in Sources */ = {isa = PBXBuildFile; fileRef = 4CE6628322B7D969004B9BBC /* MonthView.swift */; };
/* End PBXBuildFile section */

/* Begin PBXFileReference section */
		4CBFB9BB22B25A5C000ED4D5 /* Calendar.app */ = {isa = PBXFileReference; explicitFileType = wrapper.application; includeInIndex = 0; path = Calendar.app; sourceTree = BUILT_PRODUCTS_DIR; };
		4CBFB9BE22B25A5C000ED4D5 /* AppDelegate.swift */ = {isa = PBXFileReference; lastKnownFileType = sourcecode.swift; path = AppDelegate.swift; sourceTree = "<group>"; };
		4CBFB9C022B25A5C000ED4D5 /* CalendarViewController.swift */ = {isa = PBXFileReference; lastKnownFileType = sourcecode.swift; path = CalendarViewController.swift; sourceTree = "<group>"; };
		4CBFB9C322B25A5C000ED4D5 /* Base */ = {isa = PBXFileReference; lastKnownFileType = file.storyboard; name = Base; path = Base.lproj/Main.storyboard; sourceTree = "<group>"; };
		4CBFB9C622B25A5C000ED4D5 /* Calendar.xcdatamodel */ = {isa = PBXFileReference; lastKnownFileType = wrapper.xcdatamodel; path = Calendar.xcdatamodel; sourceTree = "<group>"; };
		4CBFB9C822B25A5D000ED4D5 /* Assets.xcassets */ = {isa = PBXFileReference; lastKnownFileType = folder.assetcatalog; path = Assets.xcassets; sourceTree = "<group>"; };
		4CBFB9CB22B25A5D000ED4D5 /* Base */ = {isa = PBXFileReference; lastKnownFileType = file.storyboard; name = Base; path = Base.lproj/LaunchScreen.storyboard; sourceTree = "<group>"; };
		4CBFB9CD22B25A5D000ED4D5 /* Info.plist */ = {isa = PBXFileReference; lastKnownFileType = text.plist.xml; path = Info.plist; sourceTree = "<group>"; };
		4CBFB9D422B25EB7000ED4D5 /* Helper.swift */ = {isa = PBXFileReference; lastKnownFileType = sourcecode.swift; path = Helper.swift; sourceTree = "<group>"; };
		4CBFB9D622B2754C000ED4D5 /* CalendarEnums.swift */ = {isa = PBXFileReference; lastKnownFileType = sourcecode.swift; path = CalendarEnums.swift; sourceTree = "<group>"; };
		4CBFB9D822B275B0000ED4D5 /* CalendarStruct.swift */ = {isa = PBXFileReference; lastKnownFileType = sourcecode.swift; path = CalendarStruct.swift; sourceTree = "<group>"; };
		4CBFB9DC22B3841F000ED4D5 /* WeekdaysView.swift */ = {isa = PBXFileReference; lastKnownFileType = sourcecode.swift; path = WeekdaysView.swift; sourceTree = "<group>"; };
		4CBFB9DE22B3A5B2000ED4D5 /* CalendarView.swift */ = {isa = PBXFileReference; lastKnownFileType = sourcecode.swift; path = CalendarView.swift; sourceTree = "<group>"; };
		4CBFB9E022B62A42000ED4D5 /* DateCVCell.swift */ = {isa = PBXFileReference; lastKnownFileType = sourcecode.swift; path = DateCVCell.swift; sourceTree = "<group>"; };
		4CE6628322B7D969004B9BBC /* MonthView.swift */ = {isa = PBXFileReference; lastKnownFileType = sourcecode.swift; path = MonthView.swift; sourceTree = "<group>"; };
/* End PBXFileReference section */

/* Begin PBXFrameworksBuildPhase section */
		4CBFB9B822B25A5C000ED4D5 /* Frameworks */ = {
			isa = PBXFrameworksBuildPhase;
			buildActionMask = 2147483647;
			files = (
			);
			runOnlyForDeploymentPostprocessing = 0;
		};
/* End PBXFrameworksBuildPhase section */

/* Begin PBXGroup section */
		4CBFB9B222B25A5C000ED4D5 = {
			isa = PBXGroup;
			children = (
				4CBFB9BD22B25A5C000ED4D5 /* Calendar */,
				4CBFB9BC22B25A5C000ED4D5 /* Products */,
			);
			sourceTree = "<group>";
		};
		4CBFB9BC22B25A5C000ED4D5 /* Products */ = {
			isa = PBXGroup;
			children = (
				4CBFB9BB22B25A5C000ED4D5 /* Calendar.app */,
			);
			name = Products;
			sourceTree = "<group>";
		};
		4CBFB9BD22B25A5C000ED4D5 /* Calendar */ = {
			isa = PBXGroup;
			children = (
				4CBFB9DB22B383F9000ED4D5 /* Controllers */,
				4CBFB9DA22B383F2000ED4D5 /* Views */,
				4CBFB9D322B25EAE000ED4D5 /* Helpers */,
				4CBFB9BE22B25A5C000ED4D5 /* AppDelegate.swift */,
				4CBFB9C222B25A5C000ED4D5 /* Main.storyboard */,
				4CBFB9C822B25A5D000ED4D5 /* Assets.xcassets */,
				4CBFB9CA22B25A5D000ED4D5 /* LaunchScreen.storyboard */,
				4CBFB9CD22B25A5D000ED4D5 /* Info.plist */,
				4CBFB9C522B25A5C000ED4D5 /* Calendar.xcdatamodeld */,
			);
			path = Calendar;
			sourceTree = "<group>";
		};
		4CBFB9D322B25EAE000ED4D5 /* Helpers */ = {
			isa = PBXGroup;
			children = (
				4CBFB9D422B25EB7000ED4D5 /* Helper.swift */,
				4CBFB9D622B2754C000ED4D5 /* CalendarEnums.swift */,
				4CBFB9D822B275B0000ED4D5 /* CalendarStruct.swift */,
			);
			path = Helpers;
			sourceTree = "<group>";
		};
		4CBFB9DA22B383F2000ED4D5 /* Views */ = {
			isa = PBXGroup;
			children = (
				4CBFB9DC22B3841F000ED4D5 /* WeekdaysView.swift */,
				4CBFB9DE22B3A5B2000ED4D5 /* CalendarView.swift */,
				4CBFB9E022B62A42000ED4D5 /* DateCVCell.swift */,
				4CE6628322B7D969004B9BBC /* MonthView.swift */,
			);
			path = Views;
			sourceTree = "<group>";
		};
		4CBFB9DB22B383F9000ED4D5 /* Controllers */ = {
			isa = PBXGroup;
			children = (
				4CBFB9C022B25A5C000ED4D5 /* CalendarViewController.swift */,
			);
			path = Controllers;
			sourceTree = "<group>";
		};
/* End PBXGroup section */

/* Begin PBXNativeTarget section */
		4CBFB9BA22B25A5C000ED4D5 /* Calendar */ = {
			isa = PBXNativeTarget;
			buildConfigurationList = 4CBFB9D022B25A5D000ED4D5 /* Build configuration list for PBXNativeTarget "Calendar" */;
			buildPhases = (
				4CBFB9B722B25A5C000ED4D5 /* Sources */,
				4CBFB9B822B25A5C000ED4D5 /* Frameworks */,
				4CBFB9B922B25A5C000ED4D5 /* Resources */,
			);
			buildRules = (
			);
			dependencies = (
			);
			name = Calendar;
			productName = Calendar;
			productReference = 4CBFB9BB22B25A5C000ED4D5 /* Calendar.app */;
			productType = "com.apple.product-type.application";
		};
/* End PBXNativeTarget section */

/* Begin PBXProject section */
		4CBFB9B322B25A5C000ED4D5 /* Project object */ = {
			isa = PBXProject;
			attributes = {
				LastSwiftUpdateCheck = 1020;
				LastUpgradeCheck = 1020;
				ORGANIZATIONNAME = woong;
				TargetAttributes = {
					4CBFB9BA22B25A5C000ED4D5 = {
						CreatedOnToolsVersion = 10.2.1;
					};
				};
			};
			buildConfigurationList = 4CBFB9B622B25A5C000ED4D5 /* Build configuration list for PBXProject "Calendar" */;
			compatibilityVersion = "Xcode 9.3";
			developmentRegion = en;
			hasScannedForEncodings = 0;
			knownRegions = (
				en,
				Base,
			);
			mainGroup = 4CBFB9B222B25A5C000ED4D5;
			productRefGroup = 4CBFB9BC22B25A5C000ED4D5 /* Products */;
			projectDirPath = "";
			projectRoot = "";
			targets = (
				4CBFB9BA22B25A5C000ED4D5 /* Calendar */,
			);
		};
/* End PBXProject section */

/* Begin PBXResourcesBuildPhase section */
		4CBFB9B922B25A5C000ED4D5 /* Resources */ = {
			isa = PBXResourcesBuildPhase;
			buildActionMask = 2147483647;
			files = (
				4CBFB9CC22B25A5D000ED4D5 /* LaunchScreen.storyboard in Resources */,
				4CBFB9C922B25A5D000ED4D5 /* Assets.xcassets in Resources */,
				4CBFB9C422B25A5C000ED4D5 /* Main.storyboard in Resources */,
			);
			runOnlyForDeploymentPostprocessing = 0;
		};
/* End PBXResourcesBuildPhase section */

/* Begin PBXSourcesBuildPhase section */
		4CBFB9B722B25A5C000ED4D5 /* Sources */ = {
			isa = PBXSourcesBuildPhase;
			buildActionMask = 2147483647;
			files = (
				4CBFB9D922B275B0000ED4D5 /* CalendarStruct.swift in Sources */,
				4CE6628422B7D969004B9BBC /* MonthView.swift in Sources */,
				4CBFB9DD22B3841F000ED4D5 /* WeekdaysView.swift in Sources */,
				4CBFB9DF22B3A5B2000ED4D5 /* CalendarView.swift in Sources */,
				4CBFB9C122B25A5C000ED4D5 /* CalendarViewController.swift in Sources */,
				4CBFB9C722B25A5C000ED4D5 /* Calendar.xcdatamodeld in Sources */,
				4CBFB9BF22B25A5C000ED4D5 /* AppDelegate.swift in Sources */,
				4CBFB9D522B25EB7000ED4D5 /* Helper.swift in Sources */,
				4CBFB9E122B62A42000ED4D5 /* DateCVCell.swift in Sources */,
				4CBFB9D722B2754C000ED4D5 /* CalendarEnums.swift in Sources */,
			);
			runOnlyForDeploymentPostprocessing = 0;
		};
/* End PBXSourcesBuildPhase section */

/* Begin PBXVariantGroup section */
		4CBFB9C222B25A5C000ED4D5 /* Main.storyboard */ = {
			isa = PBXVariantGroup;
			children = (
				4CBFB9C322B25A5C000ED4D5 /* Base */,
			);
			name = Main.storyboard;
			sourceTree = "<group>";
		};
		4CBFB9CA22B25A5D000ED4D5 /* LaunchScreen.storyboard */ = {
			isa = PBXVariantGroup;
			children = (
				4CBFB9CB22B25A5D000ED4D5 /* Base */,
			);
			name = LaunchScreen.storyboard;
			sourceTree = "<group>";
		};
/* End PBXVariantGroup section */

/* Begin XCBuildConfiguration section */
		4CBFB9CE22B25A5D000ED4D5 /* Debug */ = {
			isa = XCBuildConfiguration;
			buildSettings = {
				ALWAYS_SEARCH_USER_PATHS = NO;
				CLANG_ANALYZER_NONNULL = YES;
				CLANG_ANALYZER_NUMBER_OBJECT_CONVERSION = YES_AGGRESSIVE;
				CLANG_CXX_LANGUAGE_STANDARD = "gnu++14";
				CLANG_CXX_LIBRARY = "libc++";
				CLANG_ENABLE_MODULES = YES;
				CLANG_ENABLE_OBJC_ARC = YES;
				CLANG_ENABLE_OBJC_WEAK = YES;
				CLANG_WARN_BLOCK_CAPTURE_AUTORELEASING = YES;
				CLANG_WARN_BOOL_CONVERSION = YES;
				CLANG_WARN_COMMA = YES;
				CLANG_WARN_CONSTANT_CONVERSION = YES;
				CLANG_WARN_DEPRECATED_OBJC_IMPLEMENTATIONS = YES;
				CLANG_WARN_DIRECT_OBJC_ISA_USAGE = YES_ERROR;
				CLANG_WARN_DOCUMENTATION_COMMENTS = YES;
				CLANG_WARN_EMPTY_BODY = YES;
				CLANG_WARN_ENUM_CONVERSION = YES;
				CLANG_WARN_INFINITE_RECURSION = YES;
				CLANG_WARN_INT_CONVERSION = YES;
				CLANG_WARN_NON_LITERAL_NULL_CONVERSION = YES;
				CLANG_WARN_OBJC_IMPLICIT_RETAIN_SELF = YES;
				CLANG_WARN_OBJC_LITERAL_CONVERSION = YES;
				CLANG_WARN_OBJC_ROOT_CLASS = YES_ERROR;
				CLANG_WARN_RANGE_LOOP_ANALYSIS = YES;
				CLANG_WARN_STRICT_PROTOTYPES = YES;
				CLANG_WARN_SUSPICIOUS_MOVE = YES;
				CLANG_WARN_UNGUARDED_AVAILABILITY = YES_AGGRESSIVE;
				CLANG_WARN_UNREACHABLE_CODE = YES;
				CLANG_WARN__DUPLICATE_METHOD_MATCH = YES;
				CODE_SIGN_IDENTITY = "iPhone Developer";
				COPY_PHASE_STRIP = NO;
				DEBUG_INFORMATION_FORMAT = dwarf;
				ENABLE_STRICT_OBJC_MSGSEND = YES;
				ENABLE_TESTABILITY = YES;
				GCC_C_LANGUAGE_STANDARD = gnu11;
				GCC_DYNAMIC_NO_PIC = NO;
				GCC_NO_COMMON_BLOCKS = YES;
				GCC_OPTIMIZATION_LEVEL = 0;
				GCC_PREPROCESSOR_DEFINITIONS = (
					"DEBUG=1",
					"$(inherited)",
				);
				GCC_WARN_64_TO_32_BIT_CONVERSION = YES;
				GCC_WARN_ABOUT_RETURN_TYPE = YES_ERROR;
				GCC_WARN_UNDECLARED_SELECTOR = YES;
				GCC_WARN_UNINITIALIZED_AUTOS = YES_AGGRESSIVE;
				GCC_WARN_UNUSED_FUNCTION = YES;
				GCC_WARN_UNUSED_VARIABLE = YES;
				IPHONEOS_DEPLOYMENT_TARGET = 12.2;
				MTL_ENABLE_DEBUG_INFO = INCLUDE_SOURCE;
				MTL_FAST_MATH = YES;
				ONLY_ACTIVE_ARCH = YES;
				SDKROOT = iphoneos;
				SWIFT_ACTIVE_COMPILATION_CONDITIONS = DEBUG;
				SWIFT_OPTIMIZATION_LEVEL = "-Onone";
			};
			name = Debug;
		};
		4CBFB9CF22B25A5D000ED4D5 /* Release */ = {
			isa = XCBuildConfiguration;
			buildSettings = {
				ALWAYS_SEARCH_USER_PATHS = NO;
				CLANG_ANALYZER_NONNULL = YES;
				CLANG_ANALYZER_NUMBER_OBJECT_CONVERSION = YES_AGGRESSIVE;
				CLANG_CXX_LANGUAGE_STANDARD = "gnu++14";
				CLANG_CXX_LIBRARY = "libc++";
				CLANG_ENABLE_MODULES = YES;
				CLANG_ENABLE_OBJC_ARC = YES;
				CLANG_ENABLE_OBJC_WEAK = YES;
				CLANG_WARN_BLOCK_CAPTURE_AUTORELEASING = YES;
				CLANG_WARN_BOOL_CONVERSION = YES;
				CLANG_WARN_COMMA = YES;
				CLANG_WARN_CONSTANT_CONVERSION = YES;
				CLANG_WARN_DEPRECATED_OBJC_IMPLEMENTATIONS = YES;
				CLANG_WARN_DIRECT_OBJC_ISA_USAGE = YES_ERROR;
				CLANG_WARN_DOCUMENTATION_COMMENTS = YES;
				CLANG_WARN_EMPTY_BODY = YES;
				CLANG_WARN_ENUM_CONVERSION = YES;
				CLANG_WARN_INFINITE_RECURSION = YES;
				CLANG_WARN_INT_CONVERSION = YES;
				CLANG_WARN_NON_LITERAL_NULL_CONVERSION = YES;
				CLANG_WARN_OBJC_IMPLICIT_RETAIN_SELF = YES;
				CLANG_WARN_OBJC_LITERAL_CONVERSION = YES;
				CLANG_WARN_OBJC_ROOT_CLASS = YES_ERROR;
				CLANG_WARN_RANGE_LOOP_ANALYSIS = YES;
				CLANG_WARN_STRICT_PROTOTYPES = YES;
				CLANG_WARN_SUSPICIOUS_MOVE = YES;
				CLANG_WARN_UNGUARDED_AVAILABILITY = YES_AGGRESSIVE;
				CLANG_WARN_UNREACHABLE_CODE = YES;
				CLANG_WARN__DUPLICATE_METHOD_MATCH = YES;
				CODE_SIGN_IDENTITY = "iPhone Developer";
				COPY_PHASE_STRIP = NO;
				DEBUG_INFORMATION_FORMAT = "dwarf-with-dsym";
				ENABLE_NS_ASSERTIONS = NO;
				ENABLE_STRICT_OBJC_MSGSEND = YES;
				GCC_C_LANGUAGE_STANDARD = gnu11;
				GCC_NO_COMMON_BLOCKS = YES;
				GCC_WARN_64_TO_32_BIT_CONVERSION = YES;
				GCC_WARN_ABOUT_RETURN_TYPE = YES_ERROR;
				GCC_WARN_UNDECLARED_SELECTOR = YES;
				GCC_WARN_UNINITIALIZED_AUTOS = YES_AGGRESSIVE;
				GCC_WARN_UNUSED_FUNCTION = YES;
				GCC_WARN_UNUSED_VARIABLE = YES;
				IPHONEOS_DEPLOYMENT_TARGET = 12.2;
				MTL_ENABLE_DEBUG_INFO = NO;
				MTL_FAST_MATH = YES;
				SDKROOT = iphoneos;
				SWIFT_COMPILATION_MODE = wholemodule;
				SWIFT_OPTIMIZATION_LEVEL = "-O";
				VALIDATE_PRODUCT = YES;
			};
			name = Release;
		};
		4CBFB9D122B25A5D000ED4D5 /* Debug */ = {
			isa = XCBuildConfiguration;
			buildSettings = {
				ASSETCATALOG_COMPILER_APPICON_NAME = AppIcon;
				CODE_SIGN_STYLE = Automatic;
				INFOPLIST_FILE = Calendar/Info.plist;
				LD_RUNPATH_SEARCH_PATHS = (
					"$(inherited)",
					"@executable_path/Frameworks",
				);
				PRODUCT_BUNDLE_IDENTIFIER = com.woong.Calendar;
				PRODUCT_NAME = "$(TARGET_NAME)";
				SWIFT_VERSION = 5.0;
				TARGETED_DEVICE_FAMILY = "1,2";
			};
			name = Debug;
		};
		4CBFB9D222B25A5D000ED4D5 /* Release */ = {
			isa = XCBuildConfiguration;
			buildSettings = {
				ASSETCATALOG_COMPILER_APPICON_NAME = AppIcon;
				CODE_SIGN_STYLE = Automatic;
				INFOPLIST_FILE = Calendar/Info.plist;
				LD_RUNPATH_SEARCH_PATHS = (
					"$(inherited)",
					"@executable_path/Frameworks",
				);
				PRODUCT_BUNDLE_IDENTIFIER = com.woong.Calendar;
				PRODUCT_NAME = "$(TARGET_NAME)";
				SWIFT_VERSION = 5.0;
				TARGETED_DEVICE_FAMILY = "1,2";
			};
			name = Release;
		};
/* End XCBuildConfiguration section */

/* Begin XCConfigurationList section */
		4CBFB9B622B25A5C000ED4D5 /* Build configuration list for PBXProject "Calendar" */ = {
			isa = XCConfigurationList;
			buildConfigurations = (
				4CBFB9CE22B25A5D000ED4D5 /* Debug */,
				4CBFB9CF22B25A5D000ED4D5 /* Release */,
			);
			defaultConfigurationIsVisible = 0;
			defaultConfigurationName = Release;
		};
		4CBFB9D022B25A5D000ED4D5 /* Build configuration list for PBXNativeTarget "Calendar" */ = {
			isa = XCConfigurationList;
			buildConfigurations = (
				4CBFB9D122B25A5D000ED4D5 /* Debug */,
				4CBFB9D222B25A5D000ED4D5 /* Release */,
			);
			defaultConfigurationIsVisible = 0;
			defaultConfigurationName = Release;
		};
/* End XCConfigurationList section */

/* Begin XCVersionGroup section */
		4CBFB9C522B25A5C000ED4D5 /* Calendar.xcdatamodeld */ = {
			isa = XCVersionGroup;
			children = (
				4CBFB9C622B25A5C000ED4D5 /* Calendar.xcdatamodel */,
			);
			currentVersion = 4CBFB9C622B25A5C000ED4D5 /* Calendar.xcdatamodel */;
			path = Calendar.xcdatamodeld;
			sourceTree = "<group>";
			versionGroupType = wrapper.xcdatamodel;
		};
/* End XCVersionGroup section */
	};
	rootObject = 4CBFB9B322B25A5C000ED4D5 /* Project object */;
}
