// !$*UTF8*$!
{
	archiveVersion = 1;
	classes = {
	};
	objectVersion = 50;
	objects = {

/* Begin PBXBuildFile section */
		4C1286BF229FD780002AA06D /* AppDelegate.swift in Sources */ = {isa = PBXBuildFile; fileRef = 4C1286BE229FD780002AA06D /* AppDelegate.swift */; };
		4C1286C1229FD780002AA06D /* ExpandingCollectionViewController.swift in Sources */ = {isa = PBXBuildFile; fileRef = 4C1286C0229FD780002AA06D /* ExpandingCollectionViewController.swift */; };
		4C1286C4229FD780002AA06D /* Main.storyboard in Resources */ = {isa = PBXBuildFile; fileRef = 4C1286C2229FD780002AA06D /* Main.storyboard */; };
		4C1286C7229FD780002AA06D /* ExpandingCell.xcdatamodeld in Sources */ = {isa = PBXBuildFile; fileRef = 4C1286C5229FD780002AA06D /* ExpandingCell.xcdatamodeld */; };
		4C1286C9229FD781002AA06D /* Assets.xcassets in Resources */ = {isa = PBXBuildFile; fileRef = 4C1286C8229FD781002AA06D /* Assets.xcassets */; };
		4C1286CC229FD781002AA06D /* LaunchScreen.storyboard in Resources */ = {isa = PBXBuildFile; fileRef = 4C1286CA229FD781002AA06D /* LaunchScreen.storyboard */; };
		4C27439722AA84B2008098AE /* InspirationCell.swift in Sources */ = {isa = PBXBuildFile; fileRef = 4C27439622AA84B2008098AE /* InspirationCell.swift */; };
		4C27439A22AD16E6008098AE /* ExpandingLayout.swift in Sources */ = {isa = PBXBuildFile; fileRef = 4C27439922AD16E6008098AE /* ExpandingLayout.swift */; };
		4C32CB2022AA404B00F6D044 /* Inspirations.plist in Resources */ = {isa = PBXBuildFile; fileRef = 4C32CB1F22AA404B00F6D044 /* Inspirations.plist */; };
		4C32CB2222AA40F900F6D044 /* Inspiration.swift in Sources */ = {isa = PBXBuildFile; fileRef = 4C32CB2122AA40F900F6D044 /* Inspiration.swift */; };
		4C32CB2422AA422600F6D044 /* Session.swift in Sources */ = {isa = PBXBuildFile; fileRef = 4C32CB2322AA422600F6D044 /* Session.swift */; };
		4C32CB2822AA4D5700F6D044 /* UIImage+Decompression.swift in Sources */ = {isa = PBXBuildFile; fileRef = 4C32CB2622AA4D5700F6D044 /* UIImage+Decompression.swift */; };
		4C32CB2922AA4D5700F6D044 /* UIColor+Palette.swift in Sources */ = {isa = PBXBuildFile; fileRef = 4C32CB2722AA4D5700F6D044 /* UIColor+Palette.swift */; };
/* End PBXBuildFile section */

/* Begin PBXFileReference section */
		4C1286BB229FD780002AA06D /* ExpandingCell.app */ = {isa = PBXFileReference; explicitFileType = wrapper.application; includeInIndex = 0; path = ExpandingCell.app; sourceTree = BUILT_PRODUCTS_DIR; };
		4C1286BE229FD780002AA06D /* AppDelegate.swift */ = {isa = PBXFileReference; lastKnownFileType = sourcecode.swift; path = AppDelegate.swift; sourceTree = "<group>"; };
		4C1286C0229FD780002AA06D /* ExpandingCollectionViewController.swift */ = {isa = PBXFileReference; lastKnownFileType = sourcecode.swift; path = ExpandingCollectionViewController.swift; sourceTree = "<group>"; };
		4C1286C3229FD780002AA06D /* Base */ = {isa = PBXFileReference; lastKnownFileType = file.storyboard; name = Base; path = Base.lproj/Main.storyboard; sourceTree = "<group>"; };
		4C1286C6229FD780002AA06D /* ExpandingCell.xcdatamodel */ = {isa = PBXFileReference; lastKnownFileType = wrapper.xcdatamodel; path = ExpandingCell.xcdatamodel; sourceTree = "<group>"; };
		4C1286C8229FD781002AA06D /* Assets.xcassets */ = {isa = PBXFileReference; lastKnownFileType = folder.assetcatalog; path = Assets.xcassets; sourceTree = "<group>"; };
		4C1286CB229FD781002AA06D /* Base */ = {isa = PBXFileReference; lastKnownFileType = file.storyboard; name = Base; path = Base.lproj/LaunchScreen.storyboard; sourceTree = "<group>"; };
		4C1286CD229FD781002AA06D /* Info.plist */ = {isa = PBXFileReference; lastKnownFileType = text.plist.xml; path = Info.plist; sourceTree = "<group>"; };
		4C27439622AA84B2008098AE /* InspirationCell.swift */ = {isa = PBXFileReference; lastKnownFileType = sourcecode.swift; path = InspirationCell.swift; sourceTree = "<group>"; };
		4C27439922AD16E6008098AE /* ExpandingLayout.swift */ = {isa = PBXFileReference; lastKnownFileType = sourcecode.swift; path = ExpandingLayout.swift; sourceTree = "<group>"; };
		4C32CB1F22AA404B00F6D044 /* Inspirations.plist */ = {isa = PBXFileReference; fileEncoding = 4; lastKnownFileType = text.plist.xml; path = Inspirations.plist; sourceTree = "<group>"; };
		4C32CB2122AA40F900F6D044 /* Inspiration.swift */ = {isa = PBXFileReference; lastKnownFileType = sourcecode.swift; path = Inspiration.swift; sourceTree = "<group>"; };
		4C32CB2322AA422600F6D044 /* Session.swift */ = {isa = PBXFileReference; lastKnownFileType = sourcecode.swift; path = Session.swift; sourceTree = "<group>"; };
		4C32CB2622AA4D5700F6D044 /* UIImage+Decompression.swift */ = {isa = PBXFileReference; fileEncoding = 4; lastKnownFileType = sourcecode.swift; path = "UIImage+Decompression.swift"; sourceTree = "<group>"; };
		4C32CB2722AA4D5700F6D044 /* UIColor+Palette.swift */ = {isa = PBXFileReference; fileEncoding = 4; lastKnownFileType = sourcecode.swift; path = "UIColor+Palette.swift"; sourceTree = "<group>"; };
/* End PBXFileReference section */

/* Begin PBXFrameworksBuildPhase section */
		4C1286B8229FD780002AA06D /* Frameworks */ = {
			isa = PBXFrameworksBuildPhase;
			buildActionMask = 2147483647;
			files = (
			);
			runOnlyForDeploymentPostprocessing = 0;
		};
/* End PBXFrameworksBuildPhase section */

/* Begin PBXGroup section */
		4C1286B2229FD780002AA06D = {
			isa = PBXGroup;
			children = (
				4C1286BD229FD780002AA06D /* ExpandingCell */,
				4C1286BC229FD780002AA06D /* Products */,
			);
			sourceTree = "<group>";
		};
		4C1286BC229FD780002AA06D /* Products */ = {
			isa = PBXGroup;
			children = (
				4C1286BB229FD780002AA06D /* ExpandingCell.app */,
			);
			name = Products;
			sourceTree = "<group>";
		};
		4C1286BD229FD780002AA06D /* ExpandingCell */ = {
			isa = PBXGroup;
			children = (
				4C27439822AD16A8008098AE /* Layouts */,
				4C32CB2522AA4D4500F6D044 /* Extensions */,
				4C32CB1E22A961E900F6D044 /* Stroyboards */,
				4C32CB1D22A961CC00F6D044 /* Other */,
				4C32CB1822A95C5300F6D044 /* Assets */,
				4C32CB1722A95AB800F6D044 /* Controllers */,
				4C32CB1622A95AAF00F6D044 /* Views */,
				4C32CB1522A95AA900F6D044 /* Models */,
				4C1286CD229FD781002AA06D /* Info.plist */,
				4C1286C5229FD780002AA06D /* ExpandingCell.xcdatamodeld */,
			);
			path = ExpandingCell;
			sourceTree = "<group>";
		};
		4C27439822AD16A8008098AE /* Layouts */ = {
			isa = PBXGroup;
			children = (
				4C27439922AD16E6008098AE /* ExpandingLayout.swift */,
			);
			path = Layouts;
			sourceTree = "<group>";
		};
		4C32CB1522A95AA900F6D044 /* Models */ = {
			isa = PBXGroup;
			children = (
				4C32CB2122AA40F900F6D044 /* Inspiration.swift */,
				4C32CB2322AA422600F6D044 /* Session.swift */,
			);
			path = Models;
			sourceTree = "<group>";
		};
		4C32CB1622A95AAF00F6D044 /* Views */ = {
			isa = PBXGroup;
			children = (
				4C27439622AA84B2008098AE /* InspirationCell.swift */,
			);
			path = Views;
			sourceTree = "<group>";
		};
		4C32CB1722A95AB800F6D044 /* Controllers */ = {
			isa = PBXGroup;
			children = (
				4C1286C0229FD780002AA06D /* ExpandingCollectionViewController.swift */,
			);
			path = Controllers;
			sourceTree = "<group>";
		};
		4C32CB1822A95C5300F6D044 /* Assets */ = {
			isa = PBXGroup;
			children = (
				4C32CB1F22AA404B00F6D044 /* Inspirations.plist */,
				4C1286C8229FD781002AA06D /* Assets.xcassets */,
			);
			path = Assets;
			sourceTree = "<group>";
		};
		4C32CB1D22A961CC00F6D044 /* Other */ = {
			isa = PBXGroup;
			children = (
				4C1286BE229FD780002AA06D /* AppDelegate.swift */,
			);
			path = Other;
			sourceTree = "<group>";
		};
		4C32CB1E22A961E900F6D044 /* Stroyboards */ = {
			isa = PBXGroup;
			children = (
				4C1286C2229FD780002AA06D /* Main.storyboard */,
				4C1286CA229FD781002AA06D /* LaunchScreen.storyboard */,
			);
			path = Stroyboards;
			sourceTree = "<group>";
		};
		4C32CB2522AA4D4500F6D044 /* Extensions */ = {
			isa = PBXGroup;
			children = (
				4C32CB2722AA4D5700F6D044 /* UIColor+Palette.swift */,
				4C32CB2622AA4D5700F6D044 /* UIImage+Decompression.swift */,
			);
			path = Extensions;
			sourceTree = "<group>";
		};
/* End PBXGroup section */

/* Begin PBXNativeTarget section */
		4C1286BA229FD780002AA06D /* ExpandingCell */ = {
			isa = PBXNativeTarget;
			buildConfigurationList = 4C1286D0229FD781002AA06D /* Build configuration list for PBXNativeTarget "ExpandingCell" */;
			buildPhases = (
				4C1286B7229FD780002AA06D /* Sources */,
				4C1286B8229FD780002AA06D /* Frameworks */,
				4C1286B9229FD780002AA06D /* Resources */,
			);
			buildRules = (
			);
			dependencies = (
			);
			name = ExpandingCell;
			productName = ExpandingCell;
			productReference = 4C1286BB229FD780002AA06D /* ExpandingCell.app */;
			productType = "com.apple.product-type.application";
		};
/* End PBXNativeTarget section */

/* Begin PBXProject section */
		4C1286B3229FD780002AA06D /* Project object */ = {
			isa = PBXProject;
			attributes = {
				LastSwiftUpdateCheck = 1020;
				LastUpgradeCheck = 1020;
				ORGANIZATIONNAME = woong;
				TargetAttributes = {
					4C1286BA229FD780002AA06D = {
						CreatedOnToolsVersion = 10.2.1;
					};
				};
			};
			buildConfigurationList = 4C1286B6229FD780002AA06D /* Build configuration list for PBXProject "ExpandingCell" */;
			compatibilityVersion = "Xcode 9.3";
			developmentRegion = en;
			hasScannedForEncodings = 0;
			knownRegions = (
				en,
				Base,
			);
			mainGroup = 4C1286B2229FD780002AA06D;
			productRefGroup = 4C1286BC229FD780002AA06D /* Products */;
			projectDirPath = "";
			projectRoot = "";
			targets = (
				4C1286BA229FD780002AA06D /* ExpandingCell */,
			);
		};
/* End PBXProject section */

/* Begin PBXResourcesBuildPhase section */
		4C1286B9229FD780002AA06D /* Resources */ = {
			isa = PBXResourcesBuildPhase;
			buildActionMask = 2147483647;
			files = (
				4C1286CC229FD781002AA06D /* LaunchScreen.storyboard in Resources */,
				4C1286C9229FD781002AA06D /* Assets.xcassets in Resources */,
				4C1286C4229FD780002AA06D /* Main.storyboard in Resources */,
				4C32CB2022AA404B00F6D044 /* Inspirations.plist in Resources */,
			);
			runOnlyForDeploymentPostprocessing = 0;
		};
/* End PBXResourcesBuildPhase section */

/* Begin PBXSourcesBuildPhase section */
		4C1286B7229FD780002AA06D /* Sources */ = {
			isa = PBXSourcesBuildPhase;
			buildActionMask = 2147483647;
			files = (
				4C27439722AA84B2008098AE /* InspirationCell.swift in Sources */,
				4C32CB2922AA4D5700F6D044 /* UIColor+Palette.swift in Sources */,
				4C32CB2422AA422600F6D044 /* Session.swift in Sources */,
				4C32CB2822AA4D5700F6D044 /* UIImage+Decompression.swift in Sources */,
				4C32CB2222AA40F900F6D044 /* Inspiration.swift in Sources */,
				4C1286C1229FD780002AA06D /* ExpandingCollectionViewController.swift in Sources */,
				4C1286C7229FD780002AA06D /* ExpandingCell.xcdatamodeld in Sources */,
				4C27439A22AD16E6008098AE /* ExpandingLayout.swift in Sources */,
				4C1286BF229FD780002AA06D /* AppDelegate.swift in Sources */,
			);
			runOnlyForDeploymentPostprocessing = 0;
		};
/* End PBXSourcesBuildPhase section */

/* Begin PBXVariantGroup section */
		4C1286C2229FD780002AA06D /* Main.storyboard */ = {
			isa = PBXVariantGroup;
			children = (
				4C1286C3229FD780002AA06D /* Base */,
			);
			name = Main.storyboard;
			sourceTree = "<group>";
		};
		4C1286CA229FD781002AA06D /* LaunchScreen.storyboard */ = {
			isa = PBXVariantGroup;
			children = (
				4C1286CB229FD781002AA06D /* Base */,
			);
			name = LaunchScreen.storyboard;
			sourceTree = "<group>";
		};
/* End PBXVariantGroup section */

/* Begin XCBuildConfiguration section */
		4C1286CE229FD781002AA06D /* Debug */ = {
			isa = XCBuildConfiguration;
			buildSettings = {
				ALWAYS_SEARCH_USER_PATHS = NO;
				CLANG_ANALYZER_NONNULL = YES;
				CLANG_ANALYZER_NUMBER_OBJECT_CONVERSION = YES_AGGRESSIVE;
				CLANG_CXX_LANGUAGE_STANDARD = "gnu++14";
				CLANG_CXX_LIBRARY = "libc++";
				CLANG_ENABLE_MODULES = YES;
				CLANG_ENABLE_OBJC_ARC = YES;
				CLANG_ENABLE_OBJC_WEAK = YES;
				CLANG_WARN_BLOCK_CAPTURE_AUTORELEASING = YES;
				CLANG_WARN_BOOL_CONVERSION = YES;
				CLANG_WARN_COMMA = YES;
				CLANG_WARN_CONSTANT_CONVERSION = YES;
				CLANG_WARN_DEPRECATED_OBJC_IMPLEMENTATIONS = YES;
				CLANG_WARN_DIRECT_OBJC_ISA_USAGE = YES_ERROR;
				CLANG_WARN_DOCUMENTATION_COMMENTS = YES;
				CLANG_WARN_EMPTY_BODY = YES;
				CLANG_WARN_ENUM_CONVERSION = YES;
				CLANG_WARN_INFINITE_RECURSION = YES;
				CLANG_WARN_INT_CONVERSION = YES;
				CLANG_WARN_NON_LITERAL_NULL_CONVERSION = YES;
				CLANG_WARN_OBJC_IMPLICIT_RETAIN_SELF = YES;
				CLANG_WARN_OBJC_LITERAL_CONVERSION = YES;
				CLANG_WARN_OBJC_ROOT_CLASS = YES_ERROR;
				CLANG_WARN_RANGE_LOOP_ANALYSIS = YES;
				CLANG_WARN_STRICT_PROTOTYPES = YES;
				CLANG_WARN_SUSPICIOUS_MOVE = YES;
				CLANG_WARN_UNGUARDED_AVAILABILITY = YES_AGGRESSIVE;
				CLANG_WARN_UNREACHABLE_CODE = YES;
				CLANG_WARN__DUPLICATE_METHOD_MATCH = YES;
				CODE_SIGN_IDENTITY = "iPhone Developer";
				COPY_PHASE_STRIP = NO;
				DEBUG_INFORMATION_FORMAT = dwarf;
				ENABLE_STRICT_OBJC_MSGSEND = YES;
				ENABLE_TESTABILITY = YES;
				GCC_C_LANGUAGE_STANDARD = gnu11;
				GCC_DYNAMIC_NO_PIC = NO;
				GCC_NO_COMMON_BLOCKS = YES;
				GCC_OPTIMIZATION_LEVEL = 0;
				GCC_PREPROCESSOR_DEFINITIONS = (
					"DEBUG=1",
					"$(inherited)",
				);
				GCC_WARN_64_TO_32_BIT_CONVERSION = YES;
				GCC_WARN_ABOUT_RETURN_TYPE = YES_ERROR;
				GCC_WARN_UNDECLARED_SELECTOR = YES;
				GCC_WARN_UNINITIALIZED_AUTOS = YES_AGGRESSIVE;
				GCC_WARN_UNUSED_FUNCTION = YES;
				GCC_WARN_UNUSED_VARIABLE = YES;
				IPHONEOS_DEPLOYMENT_TARGET = 12.2;
				MTL_ENABLE_DEBUG_INFO = INCLUDE_SOURCE;
				MTL_FAST_MATH = YES;
				ONLY_ACTIVE_ARCH = YES;
				SDKROOT = iphoneos;
				SWIFT_ACTIVE_COMPILATION_CONDITIONS = DEBUG;
				SWIFT_OPTIMIZATION_LEVEL = "-Onone";
			};
			name = Debug;
		};
		4C1286CF229FD781002AA06D /* Release */ = {
			isa = XCBuildConfiguration;
			buildSettings = {
				ALWAYS_SEARCH_USER_PATHS = NO;
				CLANG_ANALYZER_NONNULL = YES;
				CLANG_ANALYZER_NUMBER_OBJECT_CONVERSION = YES_AGGRESSIVE;
				CLANG_CXX_LANGUAGE_STANDARD = "gnu++14";
				CLANG_CXX_LIBRARY = "libc++";
				CLANG_ENABLE_MODULES = YES;
				CLANG_ENABLE_OBJC_ARC = YES;
				CLANG_ENABLE_OBJC_WEAK = YES;
				CLANG_WARN_BLOCK_CAPTURE_AUTORELEASING = YES;
				CLANG_WARN_BOOL_CONVERSION = YES;
				CLANG_WARN_COMMA = YES;
				CLANG_WARN_CONSTANT_CONVERSION = YES;
				CLANG_WARN_DEPRECATED_OBJC_IMPLEMENTATIONS = YES;
				CLANG_WARN_DIRECT_OBJC_ISA_USAGE = YES_ERROR;
				CLANG_WARN_DOCUMENTATION_COMMENTS = YES;
				CLANG_WARN_EMPTY_BODY = YES;
				CLANG_WARN_ENUM_CONVERSION = YES;
				CLANG_WARN_INFINITE_RECURSION = YES;
				CLANG_WARN_INT_CONVERSION = YES;
				CLANG_WARN_NON_LITERAL_NULL_CONVERSION = YES;
				CLANG_WARN_OBJC_IMPLICIT_RETAIN_SELF = YES;
				CLANG_WARN_OBJC_LITERAL_CONVERSION = YES;
				CLANG_WARN_OBJC_ROOT_CLASS = YES_ERROR;
				CLANG_WARN_RANGE_LOOP_ANALYSIS = YES;
				CLANG_WARN_STRICT_PROTOTYPES = YES;
				CLANG_WARN_SUSPICIOUS_MOVE = YES;
				CLANG_WARN_UNGUARDED_AVAILABILITY = YES_AGGRESSIVE;
				CLANG_WARN_UNREACHABLE_CODE = YES;
				CLANG_WARN__DUPLICATE_METHOD_MATCH = YES;
				CODE_SIGN_IDENTITY = "iPhone Developer";
				COPY_PHASE_STRIP = NO;
				DEBUG_INFORMATION_FORMAT = "dwarf-with-dsym";
				ENABLE_NS_ASSERTIONS = NO;
				ENABLE_STRICT_OBJC_MSGSEND = YES;
				GCC_C_LANGUAGE_STANDARD = gnu11;
				GCC_NO_COMMON_BLOCKS = YES;
				GCC_WARN_64_TO_32_BIT_CONVERSION = YES;
				GCC_WARN_ABOUT_RETURN_TYPE = YES_ERROR;
				GCC_WARN_UNDECLARED_SELECTOR = YES;
				GCC_WARN_UNINITIALIZED_AUTOS = YES_AGGRESSIVE;
				GCC_WARN_UNUSED_FUNCTION = YES;
				GCC_WARN_UNUSED_VARIABLE = YES;
				IPHONEOS_DEPLOYMENT_TARGET = 12.2;
				MTL_ENABLE_DEBUG_INFO = NO;
				MTL_FAST_MATH = YES;
				SDKROOT = iphoneos;
				SWIFT_COMPILATION_MODE = wholemodule;
				SWIFT_OPTIMIZATION_LEVEL = "-O";
				VALIDATE_PRODUCT = YES;
			};
			name = Release;
		};
		4C1286D1229FD781002AA06D /* Debug */ = {
			isa = XCBuildConfiguration;
			buildSettings = {
				ASSETCATALOG_COMPILER_APPICON_NAME = AppIcon;
				CODE_SIGN_STYLE = Automatic;
				DEVELOPMENT_TEAM = N23K7ZS482;
				INFOPLIST_FILE = ExpandingCell/Info.plist;
				LD_RUNPATH_SEARCH_PATHS = (
					"$(inherited)",
					"@executable_path/Frameworks",
				);
				PRODUCT_BUNDLE_IDENTIFIER = com.woong.ExpandingCell;
				PRODUCT_NAME = "$(TARGET_NAME)";
				SWIFT_VERSION = 5.0;
				TARGETED_DEVICE_FAMILY = "1,2";
			};
			name = Debug;
		};
		4C1286D2229FD781002AA06D /* Release */ = {
			isa = XCBuildConfiguration;
			buildSettings = {
				ASSETCATALOG_COMPILER_APPICON_NAME = AppIcon;
				CODE_SIGN_STYLE = Automatic;
				DEVELOPMENT_TEAM = N23K7ZS482;
				INFOPLIST_FILE = ExpandingCell/Info.plist;
				LD_RUNPATH_SEARCH_PATHS = (
					"$(inherited)",
					"@executable_path/Frameworks",
				);
				PRODUCT_BUNDLE_IDENTIFIER = com.woong.ExpandingCell;
				PRODUCT_NAME = "$(TARGET_NAME)";
				SWIFT_VERSION = 5.0;
				TARGETED_DEVICE_FAMILY = "1,2";
			};
			name = Release;
		};
/* End XCBuildConfiguration section */

/* Begin XCConfigurationList section */
		4C1286B6229FD780002AA06D /* Build configuration list for PBXProject "ExpandingCell" */ = {
			isa = XCConfigurationList;
			buildConfigurations = (
				4C1286CE229FD781002AA06D /* Debug */,
				4C1286CF229FD781002AA06D /* Release */,
			);
			defaultConfigurationIsVisible = 0;
			defaultConfigurationName = Release;
		};
		4C1286D0229FD781002AA06D /* Build configuration list for PBXNativeTarget "ExpandingCell" */ = {
			isa = XCConfigurationList;
			buildConfigurations = (
				4C1286D1229FD781002AA06D /* Debug */,
				4C1286D2229FD781002AA06D /* Release */,
			);
			defaultConfigurationIsVisible = 0;
			defaultConfigurationName = Release;
		};
/* End XCConfigurationList section */

/* Begin XCVersionGroup section */
		4C1286C5229FD780002AA06D /* ExpandingCell.xcdatamodeld */ = {
			isa = XCVersionGroup;
			children = (
				4C1286C6229FD780002AA06D /* ExpandingCell.xcdatamodel */,
			);
			currentVersion = 4C1286C6229FD780002AA06D /* ExpandingCell.xcdatamodel */;
			path = ExpandingCell.xcdatamodeld;
			sourceTree = "<group>";
			versionGroupType = wrapper.xcdatamodel;
		};
/* End XCVersionGroup section */
	};
	rootObject = 4C1286B3229FD780002AA06D /* Project object */;
}
