// !$*UTF8*$!
{
	archiveVersion = 1;
	classes = {
	};
	objectVersion = 50;
	objects = {

/* Begin PBXBuildFile section */
		4CB4C84922849C1700AC589B /* AppDelegate.swift in Sources */ = {isa = PBXBuildFile; fileRef = 4CB4C84822849C1700AC589B /* AppDelegate.swift */; };
		4CB4C84B22849C1700AC589B /* ViewController.swift in Sources */ = {isa = PBXBuildFile; fileRef = 4CB4C84A22849C1700AC589B /* ViewController.swift */; };
		4CB4C84E22849C1700AC589B /* Main.storyboard in Resources */ = {isa = PBXBuildFile; fileRef = 4CB4C84C22849C1700AC589B /* Main.storyboard */; };
		4CB4C85122849C1700AC589B /* PlayLocalVideo.xcdatamodeld in Sources */ = {isa = PBXBuildFile; fileRef = 4CB4C84F22849C1700AC589B /* PlayLocalVideo.xcdatamodeld */; };
		4CB4C85322849C1900AC589B /* Assets.xcassets in Resources */ = {isa = PBXBuildFile; fileRef = 4CB4C85222849C1900AC589B /* Assets.xcassets */; };
		4CB4C85622849C1900AC589B /* LaunchScreen.storyboard in Resources */ = {isa = PBXBuildFile; fileRef = 4CB4C85422849C1900AC589B /* LaunchScreen.storyboard */; };
		4CB4C85F228552DB00AC589B /* VideoTableViewCell.swift in Sources */ = {isa = PBXBuildFile; fileRef = 4CB4C85E228552DB00AC589B /* VideoTableViewCell.swift */; };
		4CB4C8622285B33600AC589B /* Video.swift in Sources */ = {isa = PBXBuildFile; fileRef = 4CB4C8612285B33600AC589B /* Video.swift */; };
/* End PBXBuildFile section */

/* Begin PBXFileReference section */
		4CB4C84522849C1700AC589B /* PlayLocalVideo.app */ = {isa = PBXFileReference; explicitFileType = wrapper.application; includeInIndex = 0; path = PlayLocalVideo.app; sourceTree = BUILT_PRODUCTS_DIR; };
		4CB4C84822849C1700AC589B /* AppDelegate.swift */ = {isa = PBXFileReference; lastKnownFileType = sourcecode.swift; path = AppDelegate.swift; sourceTree = "<group>"; };
		4CB4C84A22849C1700AC589B /* ViewController.swift */ = {isa = PBXFileReference; lastKnownFileType = sourcecode.swift; path = ViewController.swift; sourceTree = "<group>"; };
		4CB4C84D22849C1700AC589B /* Base */ = {isa = PBXFileReference; lastKnownFileType = file.storyboard; name = Base; path = Base.lproj/Main.storyboard; sourceTree = "<group>"; };
		4CB4C85022849C1700AC589B /* PlayLocalVideo.xcdatamodel */ = {isa = PBXFileReference; lastKnownFileType = wrapper.xcdatamodel; path = PlayLocalVideo.xcdatamodel; sourceTree = "<group>"; };
		4CB4C85222849C1900AC589B /* Assets.xcassets */ = {isa = PBXFileReference; lastKnownFileType = folder.assetcatalog; path = Assets.xcassets; sourceTree = "<group>"; };
		4CB4C85522849C1900AC589B /* Base */ = {isa = PBXFileReference; lastKnownFileType = file.storyboard; name = Base; path = Base.lproj/LaunchScreen.storyboard; sourceTree = "<group>"; };
		4CB4C85722849C1900AC589B /* Info.plist */ = {isa = PBXFileReference; lastKnownFileType = text.plist.xml; path = Info.plist; sourceTree = "<group>"; };
		4CB4C85E228552DB00AC589B /* VideoTableViewCell.swift */ = {isa = PBXFileReference; lastKnownFileType = sourcecode.swift; path = VideoTableViewCell.swift; sourceTree = "<group>"; };
		4CB4C8612285B33600AC589B /* Video.swift */ = {isa = PBXFileReference; lastKnownFileType = sourcecode.swift; path = Video.swift; sourceTree = "<group>"; };
		4CB4C8AF2286C52700AC589B /* v2.mp4 */ = {isa = PBXFileReference; lastKnownFileType = file; path = v2.mp4; sourceTree = "<group>"; };
		4CB4C8B02286C52700AC589B /* v1.mp4 */ = {isa = PBXFileReference; lastKnownFileType = file; path = v1.mp4; sourceTree = "<group>"; };
		4CB4C8B12286C52700AC589B /* v4.mp4 */ = {isa = PBXFileReference; lastKnownFileType = file; path = v4.mp4; sourceTree = "<group>"; };
		4CB4C8B22286C52800AC589B /* v5.mp4 */ = {isa = PBXFileReference; lastKnownFileType = file; path = v5.mp4; sourceTree = "<group>"; };
		4CB4C8B52286C86F00AC589B /* v3.mp4 */ = {isa = PBXFileReference; lastKnownFileType = file; path = v3.mp4; sourceTree = "<group>"; };
/* End PBXFileReference section */

/* Begin PBXFrameworksBuildPhase section */
		4CB4C84222849C1700AC589B /* Frameworks */ = {
			isa = PBXFrameworksBuildPhase;
			buildActionMask = 2147483647;
			files = (
			);
			runOnlyForDeploymentPostprocessing = 0;
		};
/* End PBXFrameworksBuildPhase section */

/* Begin PBXGroup section */
		4CB4C83C22849C1700AC589B = {
			isa = PBXGroup;
			children = (
				4CB4C8A52286B31400AC589B /* Videos */,
				4CB4C84722849C1700AC589B /* PlayLocalVideo */,
				4CB4C84622849C1700AC589B /* Products */,
			);
			sourceTree = "<group>";
		};
		4CB4C84622849C1700AC589B /* Products */ = {
			isa = PBXGroup;
			children = (
				4CB4C84522849C1700AC589B /* PlayLocalVideo.app */,
			);
			name = Products;
			sourceTree = "<group>";
		};
		4CB4C84722849C1700AC589B /* PlayLocalVideo */ = {
			isa = PBXGroup;
			children = (
				4CB4C8632285C96700AC589B /* Controller */,
				4CB4C8602285B31200AC589B /* Model */,
				4CB4C85D228552AB00AC589B /* View */,
				4CB4C84822849C1700AC589B /* AppDelegate.swift */,
				4CB4C84C22849C1700AC589B /* Main.storyboard */,
				4CB4C85222849C1900AC589B /* Assets.xcassets */,
				4CB4C85422849C1900AC589B /* LaunchScreen.storyboard */,
				4CB4C85722849C1900AC589B /* Info.plist */,
				4CB4C84F22849C1700AC589B /* PlayLocalVideo.xcdatamodeld */,
			);
			path = PlayLocalVideo;
			sourceTree = "<group>";
		};
		4CB4C85D228552AB00AC589B /* View */ = {
			isa = PBXGroup;
			children = (
				4CB4C85E228552DB00AC589B /* VideoTableViewCell.swift */,
			);
			path = View;
			sourceTree = "<group>";
		};
		4CB4C8602285B31200AC589B /* Model */ = {
			isa = PBXGroup;
			children = (
				4CB4C8612285B33600AC589B /* Video.swift */,
			);
			path = Model;
			sourceTree = "<group>";
		};
		4CB4C8632285C96700AC589B /* Controller */ = {
			isa = PBXGroup;
			children = (
				4CB4C84A22849C1700AC589B /* ViewController.swift */,
			);
			path = Controller;
			sourceTree = "<group>";
		};
		4CB4C8A52286B31400AC589B /* Videos */ = {
			isa = PBXGroup;
			children = (
				4CB4C8B02286C52700AC589B /* v1.mp4 */,
				4CB4C8AF2286C52700AC589B /* v2.mp4 */,
				4CB4C8B52286C86F00AC589B /* v3.mp4 */,
				4CB4C8B12286C52700AC589B /* v4.mp4 */,
				4CB4C8B22286C52800AC589B /* v5.mp4 */,
			);
			path = Videos;
			sourceTree = "<group>";
		};
/* End PBXGroup section */

/* Begin PBXNativeTarget section */
		4CB4C84422849C1700AC589B /* PlayLocalVideo */ = {
			isa = PBXNativeTarget;
			buildConfigurationList = 4CB4C85A22849C1900AC589B /* Build configuration list for PBXNativeTarget "PlayLocalVideo" */;
			buildPhases = (
				4CB4C84122849C1700AC589B /* Sources */,
				4CB4C84222849C1700AC589B /* Frameworks */,
				4CB4C84322849C1700AC589B /* Resources */,
			);
			buildRules = (
			);
			dependencies = (
			);
			name = PlayLocalVideo;
			productName = PlayLocalVideo;
			productReference = 4CB4C84522849C1700AC589B /* PlayLocalVideo.app */;
			productType = "com.apple.product-type.application";
		};
/* End PBXNativeTarget section */

/* Begin PBXProject section */
		4CB4C83D22849C1700AC589B /* Project object */ = {
			isa = PBXProject;
			attributes = {
				LastSwiftUpdateCheck = 1020;
				LastUpgradeCheck = 1020;
				ORGANIZATIONNAME = woong;
				TargetAttributes = {
					4CB4C84422849C1700AC589B = {
						CreatedOnToolsVersion = 10.2.1;
					};
				};
			};
			buildConfigurationList = 4CB4C84022849C1700AC589B /* Build configuration list for PBXProject "PlayLocalVideo" */;
			compatibilityVersion = "Xcode 9.3";
			developmentRegion = en;
			hasScannedForEncodings = 0;
			knownRegions = (
				en,
				Base,
			);
			mainGroup = 4CB4C83C22849C1700AC589B;
			productRefGroup = 4CB4C84622849C1700AC589B /* Products */;
			projectDirPath = "";
			projectRoot = "";
			targets = (
				4CB4C84422849C1700AC589B /* PlayLocalVideo */,
			);
		};
/* End PBXProject section */

/* Begin PBXResourcesBuildPhase section */
		4CB4C84322849C1700AC589B /* Resources */ = {
			isa = PBXResourcesBuildPhase;
			buildActionMask = 2147483647;
			files = (
				4CB4C85622849C1900AC589B /* LaunchScreen.storyboard in Resources */,
				4CB4C85322849C1900AC589B /* Assets.xcassets in Resources */,
				4CB4C84E22849C1700AC589B /* Main.storyboard in Resources */,
			);
			runOnlyForDeploymentPostprocessing = 0;
		};
/* End PBXResourcesBuildPhase section */

/* Begin PBXSourcesBuildPhase section */
		4CB4C84122849C1700AC589B /* Sources */ = {
			isa = PBXSourcesBuildPhase;
			buildActionMask = 2147483647;
			files = (
				4CB4C84B22849C1700AC589B /* ViewController.swift in Sources */,
				4CB4C85F228552DB00AC589B /* VideoTableViewCell.swift in Sources */,
				4CB4C85122849C1700AC589B /* PlayLocalVideo.xcdatamodeld in Sources */,
				4CB4C84922849C1700AC589B /* AppDelegate.swift in Sources */,
				4CB4C8622285B33600AC589B /* Video.swift in Sources */,
			);
			runOnlyForDeploymentPostprocessing = 0;
		};
/* End PBXSourcesBuildPhase section */

/* Begin PBXVariantGroup section */
		4CB4C84C22849C1700AC589B /* Main.storyboard */ = {
			isa = PBXVariantGroup;
			children = (
				4CB4C84D22849C1700AC589B /* Base */,
			);
			name = Main.storyboard;
			sourceTree = "<group>";
		};
		4CB4C85422849C1900AC589B /* LaunchScreen.storyboard */ = {
			isa = PBXVariantGroup;
			children = (
				4CB4C85522849C1900AC589B /* Base */,
			);
			name = LaunchScreen.storyboard;
			sourceTree = "<group>";
		};
/* End PBXVariantGroup section */

/* Begin XCBuildConfiguration section */
		4CB4C85822849C1900AC589B /* Debug */ = {
			isa = XCBuildConfiguration;
			buildSettings = {
				ALWAYS_SEARCH_USER_PATHS = NO;
				CLANG_ANALYZER_NONNULL = YES;
				CLANG_ANALYZER_NUMBER_OBJECT_CONVERSION = YES_AGGRESSIVE;
				CLANG_CXX_LANGUAGE_STANDARD = "gnu++14";
				CLANG_CXX_LIBRARY = "libc++";
				CLANG_ENABLE_MODULES = YES;
				CLANG_ENABLE_OBJC_ARC = YES;
				CLANG_ENABLE_OBJC_WEAK = YES;
				CLANG_WARN_BLOCK_CAPTURE_AUTORELEASING = YES;
				CLANG_WARN_BOOL_CONVERSION = YES;
				CLANG_WARN_COMMA = YES;
				CLANG_WARN_CONSTANT_CONVERSION = YES;
				CLANG_WARN_DEPRECATED_OBJC_IMPLEMENTATIONS = YES;
				CLANG_WARN_DIRECT_OBJC_ISA_USAGE = YES_ERROR;
				CLANG_WARN_DOCUMENTATION_COMMENTS = YES;
				CLANG_WARN_EMPTY_BODY = YES;
				CLANG_WARN_ENUM_CONVERSION = YES;
				CLANG_WARN_INFINITE_RECURSION = YES;
				CLANG_WARN_INT_CONVERSION = YES;
				CLANG_WARN_NON_LITERAL_NULL_CONVERSION = YES;
				CLANG_WARN_OBJC_IMPLICIT_RETAIN_SELF = YES;
				CLANG_WARN_OBJC_LITERAL_CONVERSION = YES;
				CLANG_WARN_OBJC_ROOT_CLASS = YES_ERROR;
				CLANG_WARN_RANGE_LOOP_ANALYSIS = YES;
				CLANG_WARN_STRICT_PROTOTYPES = YES;
				CLANG_WARN_SUSPICIOUS_MOVE = YES;
				CLANG_WARN_UNGUARDED_AVAILABILITY = YES_AGGRESSIVE;
				CLANG_WARN_UNREACHABLE_CODE = YES;
				CLANG_WARN__DUPLICATE_METHOD_MATCH = YES;
				CODE_SIGN_IDENTITY = "iPhone Developer";
				COPY_PHASE_STRIP = NO;
				DEBUG_INFORMATION_FORMAT = dwarf;
				ENABLE_STRICT_OBJC_MSGSEND = YES;
				ENABLE_TESTABILITY = YES;
				GCC_C_LANGUAGE_STANDARD = gnu11;
				GCC_DYNAMIC_NO_PIC = NO;
				GCC_NO_COMMON_BLOCKS = YES;
				GCC_OPTIMIZATION_LEVEL = 0;
				GCC_PREPROCESSOR_DEFINITIONS = (
					"DEBUG=1",
					"$(inherited)",
				);
				GCC_WARN_64_TO_32_BIT_CONVERSION = YES;
				GCC_WARN_ABOUT_RETURN_TYPE = YES_ERROR;
				GCC_WARN_UNDECLARED_SELECTOR = YES;
				GCC_WARN_UNINITIALIZED_AUTOS = YES_AGGRESSIVE;
				GCC_WARN_UNUSED_FUNCTION = YES;
				GCC_WARN_UNUSED_VARIABLE = YES;
				IPHONEOS_DEPLOYMENT_TARGET = 12.2;
				MTL_ENABLE_DEBUG_INFO = INCLUDE_SOURCE;
				MTL_FAST_MATH = YES;
				ONLY_ACTIVE_ARCH = YES;
				SDKROOT = iphoneos;
				SWIFT_ACTIVE_COMPILATION_CONDITIONS = DEBUG;
				SWIFT_OPTIMIZATION_LEVEL = "-Onone";
			};
			name = Debug;
		};
		4CB4C85922849C1900AC589B /* Release */ = {
			isa = XCBuildConfiguration;
			buildSettings = {
				ALWAYS_SEARCH_USER_PATHS = NO;
				CLANG_ANALYZER_NONNULL = YES;
				CLANG_ANALYZER_NUMBER_OBJECT_CONVERSION = YES_AGGRESSIVE;
				CLANG_CXX_LANGUAGE_STANDARD = "gnu++14";
				CLANG_CXX_LIBRARY = "libc++";
				CLANG_ENABLE_MODULES = YES;
				CLANG_ENABLE_OBJC_ARC = YES;
				CLANG_ENABLE_OBJC_WEAK = YES;
				CLANG_WARN_BLOCK_CAPTURE_AUTORELEASING = YES;
				CLANG_WARN_BOOL_CONVERSION = YES;
				CLANG_WARN_COMMA = YES;
				CLANG_WARN_CONSTANT_CONVERSION = YES;
				CLANG_WARN_DEPRECATED_OBJC_IMPLEMENTATIONS = YES;
				CLANG_WARN_DIRECT_OBJC_ISA_USAGE = YES_ERROR;
				CLANG_WARN_DOCUMENTATION_COMMENTS = YES;
				CLANG_WARN_EMPTY_BODY = YES;
				CLANG_WARN_ENUM_CONVERSION = YES;
				CLANG_WARN_INFINITE_RECURSION = YES;
				CLANG_WARN_INT_CONVERSION = YES;
				CLANG_WARN_NON_LITERAL_NULL_CONVERSION = YES;
				CLANG_WARN_OBJC_IMPLICIT_RETAIN_SELF = YES;
				CLANG_WARN_OBJC_LITERAL_CONVERSION = YES;
				CLANG_WARN_OBJC_ROOT_CLASS = YES_ERROR;
				CLANG_WARN_RANGE_LOOP_ANALYSIS = YES;
				CLANG_WARN_STRICT_PROTOTYPES = YES;
				CLANG_WARN_SUSPICIOUS_MOVE = YES;
				CLANG_WARN_UNGUARDED_AVAILABILITY = YES_AGGRESSIVE;
				CLANG_WARN_UNREACHABLE_CODE = YES;
				CLANG_WARN__DUPLICATE_METHOD_MATCH = YES;
				CODE_SIGN_IDENTITY = "iPhone Developer";
				COPY_PHASE_STRIP = NO;
				DEBUG_INFORMATION_FORMAT = "dwarf-with-dsym";
				ENABLE_NS_ASSERTIONS = NO;
				ENABLE_STRICT_OBJC_MSGSEND = YES;
				GCC_C_LANGUAGE_STANDARD = gnu11;
				GCC_NO_COMMON_BLOCKS = YES;
				GCC_WARN_64_TO_32_BIT_CONVERSION = YES;
				GCC_WARN_ABOUT_RETURN_TYPE = YES_ERROR;
				GCC_WARN_UNDECLARED_SELECTOR = YES;
				GCC_WARN_UNINITIALIZED_AUTOS = YES_AGGRESSIVE;
				GCC_WARN_UNUSED_FUNCTION = YES;
				GCC_WARN_UNUSED_VARIABLE = YES;
				IPHONEOS_DEPLOYMENT_TARGET = 12.2;
				MTL_ENABLE_DEBUG_INFO = NO;
				MTL_FAST_MATH = YES;
				SDKROOT = iphoneos;
				SWIFT_COMPILATION_MODE = wholemodule;
				SWIFT_OPTIMIZATION_LEVEL = "-O";
				VALIDATE_PRODUCT = YES;
			};
			name = Release;
		};
		4CB4C85B22849C1900AC589B /* Debug */ = {
			isa = XCBuildConfiguration;
			buildSettings = {
				ASSETCATALOG_COMPILER_APPICON_NAME = AppIcon;
				CODE_SIGN_STYLE = Automatic;
				DEVELOPMENT_TEAM = N23K7ZS482;
				INFOPLIST_FILE = PlayLocalVideo/Info.plist;
				LD_RUNPATH_SEARCH_PATHS = (
					"$(inherited)",
					"@executable_path/Frameworks",
				);
				PRODUCT_BUNDLE_IDENTIFIER = com.woong.PlayLocalVideo;
				PRODUCT_NAME = "$(TARGET_NAME)";
				SWIFT_VERSION = 5.0;
				TARGETED_DEVICE_FAMILY = "1,2";
			};
			name = Debug;
		};
		4CB4C85C22849C1900AC589B /* Release */ = {
			isa = XCBuildConfiguration;
			buildSettings = {
				ASSETCATALOG_COMPILER_APPICON_NAME = AppIcon;
				CODE_SIGN_STYLE = Automatic;
				DEVELOPMENT_TEAM = N23K7ZS482;
				INFOPLIST_FILE = PlayLocalVideo/Info.plist;
				LD_RUNPATH_SEARCH_PATHS = (
					"$(inherited)",
					"@executable_path/Frameworks",
				);
				PRODUCT_BUNDLE_IDENTIFIER = com.woong.PlayLocalVideo;
				PRODUCT_NAME = "$(TARGET_NAME)";
				SWIFT_VERSION = 5.0;
				TARGETED_DEVICE_FAMILY = "1,2";
			};
			name = Release;
		};
/* End XCBuildConfiguration section */

/* Begin XCConfigurationList section */
		4CB4C84022849C1700AC589B /* Build configuration list for PBXProject "PlayLocalVideo" */ = {
			isa = XCConfigurationList;
			buildConfigurations = (
				4CB4C85822849C1900AC589B /* Debug */,
				4CB4C85922849C1900AC589B /* Release */,
			);
			defaultConfigurationIsVisible = 0;
			defaultConfigurationName = Release;
		};
		4CB4C85A22849C1900AC589B /* Build configuration list for PBXNativeTarget "PlayLocalVideo" */ = {
			isa = XCConfigurationList;
			buildConfigurations = (
				4CB4C85B22849C1900AC589B /* Debug */,
				4CB4C85C22849C1900AC589B /* Release */,
			);
			defaultConfigurationIsVisible = 0;
			defaultConfigurationName = Release;
		};
/* End XCConfigurationList section */

/* Begin XCVersionGroup section */
		4CB4C84F22849C1700AC589B /* PlayLocalVideo.xcdatamodeld */ = {
			isa = XCVersionGroup;
			children = (
				4CB4C85022849C1700AC589B /* PlayLocalVideo.xcdatamodel */,
			);
			currentVersion = 4CB4C85022849C1700AC589B /* PlayLocalVideo.xcdatamodel */;
			path = PlayLocalVideo.xcdatamodeld;
			sourceTree = "<group>";
			versionGroupType = wrapper.xcdatamodel;
		};
/* End XCVersionGroup section */
	};
	rootObject = 4CB4C83D22849C1700AC589B /* Project object */;
}
